hash: cbc63f684ef1713c7fa80d99b615826f9245c7981c737fca38de45671ca94438
updated: 2018-12-19T14:02:25.738223184Z
imports:
- name: github.com/alecthomas/kingpin
  version: 947dcec5ba9c011838740e680966fd7087a71d0d
- name: github.com/alecthomas/template
  version: a0175ee3bccc567396460bf5acd36800cb10c49c
  subpackages:
  - parse
- name: github.com/alecthomas/units
  version: 2efee857e7cfd4f3d0138cc3cbb1b4966962b93a
- name: github.com/fatih/color
  version: 3f9d52f7176a6927daacff70a3e8d1dc2025c53e
- name: github.com/foize/go.fifo
  version: 3a04cfeec12143459af4c62b147b365e950051c9
- name: github.com/forj-oss/forjj-modules
  version: d5925062c57798150af536995b63e7384f3fd9ec
  subpackages:
  - trace
- name: github.com/forj-oss/go-git
  version: 1bd01fd27cc444e2353708156737a48ceb0106ea
- name: github.com/forj-oss/utils
  version: b8752db00181e7eeb471a101f37679037adab18d
- name: github.com/hashicorp/go-version
  version: b5a281d3160aa11950a6182bd9a9dc2cb1e02d50
- name: github.com/kvz/logstreamer
  version: a635b98146f0f465f3413a0b8ec481f3698d3fc2
- name: github.com/mattn/go-colorable
  version: efa589957cd060542a26d2dd7832fd6a6c6c3ade
- name: github.com/mattn/go-isatty
  version: 3fb116b820352b7f0c281308a4d6250c22d94e27
- name: github.com/robpike/filter
  version: 2984852a21833704a7dd2a52fb34240eb3ab11f9
- name: golang.org/x/sys
  version: 4ed8d59d0b35e1e29334a206d1b3f38b1e5dfb31
  subpackages:
  - unix
- name: gopkg.in/yaml.v2
  version: 5420a8b6744d3b0345ab293f6fcba19c978f1183
testImports: []
